// !$*UTF8*$!
{
	archiveVersion = 1;
	classes = {
	};
	objectVersion = 46;
	objects = {

/* Begin PBXBuildFile section */
		180EC7111AED42A400D41597 /* PerformanceViewController.swift in Sources */ = {isa = PBXBuildFile; fileRef = 180EC7101AED42A400D41597 /* PerformanceViewController.swift */; };
		18364BA31AEEE292003F3086 /* Exhibitor.swift in Sources */ = {isa = PBXBuildFile; fileRef = 18364BA21AEEE292003F3086 /* Exhibitor.swift */; };
		18364BA51AEEE293003F3086 /* Info.swift in Sources */ = {isa = PBXBuildFile; fileRef = 18364BA41AEEE292003F3086 /* Info.swift */; };
		18364BA71AEEE293003F3086 /* FoodAndDrink.swift in Sources */ = {isa = PBXBuildFile; fileRef = 18364BA61AEEE293003F3086 /* FoodAndDrink.swift */; };
		18364BA91AEEE293003F3086 /* Location.swift in Sources */ = {isa = PBXBuildFile; fileRef = 18364BA81AEEE293003F3086 /* Location.swift */; };
		18364BAB1AEEE293003F3086 /* Performance.swift in Sources */ = {isa = PBXBuildFile; fileRef = 18364BAA1AEEE293003F3086 /* Performance.swift */; };
		18662D1C1AE9547E0004315B /* AppDelegate.swift in Sources */ = {isa = PBXBuildFile; fileRef = 18662D1B1AE9547E0004315B /* AppDelegate.swift */; };
		18662D1E1AE9547E0004315B /* MapViewController.swift in Sources */ = {isa = PBXBuildFile; fileRef = 18662D1D1AE9547E0004315B /* MapViewController.swift */; };
		18662D201AE9547E0004315B /* ExhibitorViewController.swift in Sources */ = {isa = PBXBuildFile; fileRef = 18662D1F1AE9547E0004315B /* ExhibitorViewController.swift */; };
		18662D231AE9547E0004315B /* Main.storyboard in Resources */ = {isa = PBXBuildFile; fileRef = 18662D211AE9547E0004315B /* Main.storyboard */; };
		18662D251AE9547E0004315B /* Images.xcassets in Resources */ = {isa = PBXBuildFile; fileRef = 18662D241AE9547E0004315B /* Images.xcassets */; };
		18662D281AE9547E0004315B /* LaunchScreen.xib in Resources */ = {isa = PBXBuildFile; fileRef = 18662D261AE9547E0004315B /* LaunchScreen.xib */; };
		18662D341AE9547E0004315B /* Capital_PrideTests.swift in Sources */ = {isa = PBXBuildFile; fileRef = 18662D331AE9547E0004315B /* Capital_PrideTests.swift */; };
		18662D3E1AE95CA70004315B /* MapKit.framework in Frameworks */ = {isa = PBXBuildFile; fileRef = 18662D3D1AE95CA70004315B /* MapKit.framework */; };
		189E77941AF8118500E8D897 /* BaseBLO.swift in Sources */ = {isa = PBXBuildFile; fileRef = 189E77931AF8118500E8D897 /* BaseBLO.swift */; };
		189E77961AF811C500E8D897 /* DBService.swift in Sources */ = {isa = PBXBuildFile; fileRef = 189E77951AF811C500E8D897 /* DBService.swift */; };
		189E77981AF8263200E8D897 /* DBLoader.swift in Sources */ = {isa = PBXBuildFile; fileRef = 189E77971AF8263200E8D897 /* DBLoader.swift */; };
		189E779A1AF8451D00E8D897 /* FestivalExhibitors2015.csv in Resources */ = {isa = PBXBuildFile; fileRef = 189E77991AF8451D00E8D897 /* FestivalExhibitors2015.csv */; };
		189E779C1B0170AD00E8D897 /* FestivalExhibitors2015.txt in Resources */ = {isa = PBXBuildFile; fileRef = 189E779B1B0170AD00E8D897 /* FestivalExhibitors2015.txt */; };
		189E779E1B0186A300E8D897 /* ExhibitorDetailController.swift in Sources */ = {isa = PBXBuildFile; fileRef = 189E779D1B0186A300E8D897 /* ExhibitorDetailController.swift */; };
		18A05B671AEC251800C50DD9 /* InfoViewController.swift in Sources */ = {isa = PBXBuildFile; fileRef = 18A05B661AEC251800C50DD9 /* InfoViewController.swift */; };
		18A05B691AEC256500C50DD9 /* FoodAndDrinkViewController.swift in Sources */ = {isa = PBXBuildFile; fileRef = 18A05B681AEC256500C50DD9 /* FoodAndDrinkViewController.swift */; };
		18A05B6C1AEC28AB00C50DD9 /* Database.xcdatamodeld in Sources */ = {isa = PBXBuildFile; fileRef = 18A05B6A1AEC28AB00C50DD9 /* Database.xcdatamodeld */; };
/* End PBXBuildFile section */

/* Begin PBXContainerItemProxy section */
		18662D2E1AE9547E0004315B /* PBXContainerItemProxy */ = {
			isa = PBXContainerItemProxy;
			containerPortal = 18662D0E1AE9547E0004315B /* Project object */;
			proxyType = 1;
			remoteGlobalIDString = 18662D151AE9547E0004315B;
			remoteInfo = "Capital Pride";
		};
/* End PBXContainerItemProxy section */

/* Begin PBXFileReference section */
		180EC7101AED42A400D41597 /* PerformanceViewController.swift */ = {isa = PBXFileReference; fileEncoding = 4; lastKnownFileType = sourcecode.swift; path = PerformanceViewController.swift; sourceTree = "<group>"; };
		18364BA21AEEE292003F3086 /* Exhibitor.swift */ = {isa = PBXFileReference; fileEncoding = 4; lastKnownFileType = sourcecode.swift; path = Exhibitor.swift; sourceTree = "<group>"; };
		18364BA41AEEE292003F3086 /* Info.swift */ = {isa = PBXFileReference; fileEncoding = 4; lastKnownFileType = sourcecode.swift; path = Info.swift; sourceTree = "<group>"; };
		18364BA61AEEE293003F3086 /* FoodAndDrink.swift */ = {isa = PBXFileReference; fileEncoding = 4; lastKnownFileType = sourcecode.swift; path = FoodAndDrink.swift; sourceTree = "<group>"; };
		18364BA81AEEE293003F3086 /* Location.swift */ = {isa = PBXFileReference; fileEncoding = 4; lastKnownFileType = sourcecode.swift; path = Location.swift; sourceTree = "<group>"; };
		18364BAA1AEEE293003F3086 /* Performance.swift */ = {isa = PBXFileReference; fileEncoding = 4; lastKnownFileType = sourcecode.swift; path = Performance.swift; sourceTree = "<group>"; };
		18662D161AE9547E0004315B /* Capital Pride.app */ = {isa = PBXFileReference; explicitFileType = wrapper.application; includeInIndex = 0; path = "Capital Pride.app"; sourceTree = BUILT_PRODUCTS_DIR; };
		18662D1A1AE9547E0004315B /* Info.plist */ = {isa = PBXFileReference; lastKnownFileType = text.plist.xml; path = Info.plist; sourceTree = "<group>"; };
		18662D1B1AE9547E0004315B /* AppDelegate.swift */ = {isa = PBXFileReference; lastKnownFileType = sourcecode.swift; path = AppDelegate.swift; sourceTree = "<group>"; };
		18662D1D1AE9547E0004315B /* MapViewController.swift */ = {isa = PBXFileReference; lastKnownFileType = sourcecode.swift; path = MapViewController.swift; sourceTree = "<group>"; };
		18662D1F1AE9547E0004315B /* ExhibitorViewController.swift */ = {isa = PBXFileReference; lastKnownFileType = sourcecode.swift; path = ExhibitorViewController.swift; sourceTree = "<group>"; };
		18662D221AE9547E0004315B /* Base */ = {isa = PBXFileReference; lastKnownFileType = file.storyboard; name = Base; path = Base.lproj/Main.storyboard; sourceTree = "<group>"; };
		18662D241AE9547E0004315B /* Images.xcassets */ = {isa = PBXFileReference; lastKnownFileType = folder.assetcatalog; path = Images.xcassets; sourceTree = "<group>"; };
		18662D271AE9547E0004315B /* Base */ = {isa = PBXFileReference; lastKnownFileType = file.xib; name = Base; path = Base.lproj/LaunchScreen.xib; sourceTree = "<group>"; };
		18662D2D1AE9547E0004315B /* Capital PrideTests.xctest */ = {isa = PBXFileReference; explicitFileType = wrapper.cfbundle; includeInIndex = 0; path = "Capital PrideTests.xctest"; sourceTree = BUILT_PRODUCTS_DIR; };
		18662D321AE9547E0004315B /* Info.plist */ = {isa = PBXFileReference; lastKnownFileType = text.plist.xml; path = Info.plist; sourceTree = "<group>"; };
		18662D331AE9547E0004315B /* Capital_PrideTests.swift */ = {isa = PBXFileReference; lastKnownFileType = sourcecode.swift; path = Capital_PrideTests.swift; sourceTree = "<group>"; };
		18662D3D1AE95CA70004315B /* MapKit.framework */ = {isa = PBXFileReference; lastKnownFileType = wrapper.framework; name = MapKit.framework; path = System/Library/Frameworks/MapKit.framework; sourceTree = SDKROOT; };
		189E77931AF8118500E8D897 /* BaseBLO.swift */ = {isa = PBXFileReference; fileEncoding = 4; lastKnownFileType = sourcecode.swift; path = BaseBLO.swift; sourceTree = "<group>"; };
		189E77951AF811C500E8D897 /* DBService.swift */ = {isa = PBXFileReference; fileEncoding = 4; lastKnownFileType = sourcecode.swift; path = DBService.swift; sourceTree = "<group>"; };
		189E77971AF8263200E8D897 /* DBLoader.swift */ = {isa = PBXFileReference; fileEncoding = 4; lastKnownFileType = sourcecode.swift; path = DBLoader.swift; sourceTree = "<group>"; };
		189E77991AF8451D00E8D897 /* FestivalExhibitors2015.csv */ = {isa = PBXFileReference; fileEncoding = 4; lastKnownFileType = text; path = FestivalExhibitors2015.csv; sourceTree = "<group>"; };
		189E779B1B0170AD00E8D897 /* FestivalExhibitors2015.txt */ = {isa = PBXFileReference; fileEncoding = 4; lastKnownFileType = text; path = FestivalExhibitors2015.txt; sourceTree = "<group>"; };
		189E779D1B0186A300E8D897 /* ExhibitorDetailController.swift */ = {isa = PBXFileReference; fileEncoding = 4; lastKnownFileType = sourcecode.swift; path = ExhibitorDetailController.swift; sourceTree = "<group>"; };
		18A05B661AEC251800C50DD9 /* InfoViewController.swift */ = {isa = PBXFileReference; fileEncoding = 4; lastKnownFileType = sourcecode.swift; path = InfoViewController.swift; sourceTree = "<group>"; };
		18A05B681AEC256500C50DD9 /* FoodAndDrinkViewController.swift */ = {isa = PBXFileReference; fileEncoding = 4; lastKnownFileType = sourcecode.swift; path = FoodAndDrinkViewController.swift; sourceTree = "<group>"; };
		18A05B6B1AEC28AB00C50DD9 /* Database.xcdatamodel */ = {isa = PBXFileReference; lastKnownFileType = wrapper.xcdatamodel; path = Database.xcdatamodel; sourceTree = "<group>"; };
/* End PBXFileReference section */

/* Begin PBXFrameworksBuildPhase section */
		18662D131AE9547E0004315B /* Frameworks */ = {
			isa = PBXFrameworksBuildPhase;
			buildActionMask = 2147483647;
			files = (
				18662D3E1AE95CA70004315B /* MapKit.framework in Frameworks */,
			);
			runOnlyForDeploymentPostprocessing = 0;
		};
		18662D2A1AE9547E0004315B /* Frameworks */ = {
			isa = PBXFrameworksBuildPhase;
			buildActionMask = 2147483647;
			files = (
			);
			runOnlyForDeploymentPostprocessing = 0;
		};
/* End PBXFrameworksBuildPhase section */

/* Begin PBXGroup section */
		18364BA11AEEE243003F3086 /* Domain */ = {
			isa = PBXGroup;
			children = (
				18364BAA1AEEE293003F3086 /* Performance.swift */,
				18364BA81AEEE293003F3086 /* Location.swift */,
				18364BA61AEEE293003F3086 /* FoodAndDrink.swift */,
				18364BA41AEEE292003F3086 /* Info.swift */,
				18364BA21AEEE292003F3086 /* Exhibitor.swift */,
			);
			name = Domain;
			sourceTree = "<group>";
		};
		18662D0D1AE9547E0004315B = {
			isa = PBXGroup;
			children = (
				18A05B6A1AEC28AB00C50DD9 /* Database.xcdatamodeld */,
				18662D3D1AE95CA70004315B /* MapKit.framework */,
				18662D181AE9547E0004315B /* Capital Pride */,
				18662D301AE9547E0004315B /* Capital PrideTests */,
				18662D171AE9547E0004315B /* Products */,
			);
			sourceTree = "<group>";
		};
		18662D171AE9547E0004315B /* Products */ = {
			isa = PBXGroup;
			children = (
				18662D161AE9547E0004315B /* Capital Pride.app */,
				18662D2D1AE9547E0004315B /* Capital PrideTests.xctest */,
			);
			name = Products;
			sourceTree = "<group>";
		};
		18662D181AE9547E0004315B /* Capital Pride */ = {
			isa = PBXGroup;
			children = (
				189E77921AF810E500E8D897 /* BLOs */,
				18364BA11AEEE243003F3086 /* Domain */,
				18662D1B1AE9547E0004315B /* AppDelegate.swift */,
				189E77951AF811C500E8D897 /* DBService.swift */,
				189E77971AF8263200E8D897 /* DBLoader.swift */,
				18662D1D1AE9547E0004315B /* MapViewController.swift */,
				18A05B661AEC251800C50DD9 /* InfoViewController.swift */,
				18A05B681AEC256500C50DD9 /* FoodAndDrinkViewController.swift */,
				18662D1F1AE9547E0004315B /* ExhibitorViewController.swift */,
				189E779D1B0186A300E8D897 /* ExhibitorDetailController.swift */,
				180EC7101AED42A400D41597 /* PerformanceViewController.swift */,
				18662D211AE9547E0004315B /* Main.storyboard */,
				18662D241AE9547E0004315B /* Images.xcassets */,
				18662D261AE9547E0004315B /* LaunchScreen.xib */,
				18662D191AE9547E0004315B /* Supporting Files */,
			);
			path = "Capital Pride";
			sourceTree = "<group>";
		};
		18662D191AE9547E0004315B /* Supporting Files */ = {
			isa = PBXGroup;
			children = (
				189E779B1B0170AD00E8D897 /* FestivalExhibitors2015.txt */,
				189E77991AF8451D00E8D897 /* FestivalExhibitors2015.csv */,
				18662D1A1AE9547E0004315B /* Info.plist */,
			);
			name = "Supporting Files";
			sourceTree = "<group>";
		};
		18662D301AE9547E0004315B /* Capital PrideTests */ = {
			isa = PBXGroup;
			children = (
				18662D331AE9547E0004315B /* Capital_PrideTests.swift */,
				18662D311AE9547E0004315B /* Supporting Files */,
			);
			path = "Capital PrideTests";
			sourceTree = "<group>";
		};
		18662D311AE9547E0004315B /* Supporting Files */ = {
			isa = PBXGroup;
			children = (
				18662D321AE9547E0004315B /* Info.plist */,
			);
			name = "Supporting Files";
			sourceTree = "<group>";
		};
		189E77921AF810E500E8D897 /* BLOs */ = {
			isa = PBXGroup;
			children = (
				189E77931AF8118500E8D897 /* BaseBLO.swift */,
			);
			name = BLOs;
			sourceTree = "<group>";
		};
/* End PBXGroup section */

/* Begin PBXNativeTarget section */
		18662D151AE9547E0004315B /* Capital Pride */ = {
			isa = PBXNativeTarget;
			buildConfigurationList = 18662D371AE9547E0004315B /* Build configuration list for PBXNativeTarget "Capital Pride" */;
			buildPhases = (
				18662D121AE9547E0004315B /* Sources */,
				18662D131AE9547E0004315B /* Frameworks */,
				18662D141AE9547E0004315B /* Resources */,
			);
			buildRules = (
			);
			dependencies = (
			);
			name = "Capital Pride";
			productName = "Capital Pride";
			productReference = 18662D161AE9547E0004315B /* Capital Pride.app */;
			productType = "com.apple.product-type.application";
		};
		18662D2C1AE9547E0004315B /* Capital PrideTests */ = {
			isa = PBXNativeTarget;
			buildConfigurationList = 18662D3A1AE9547E0004315B /* Build configuration list for PBXNativeTarget "Capital PrideTests" */;
			buildPhases = (
				18662D291AE9547E0004315B /* Sources */,
				18662D2A1AE9547E0004315B /* Frameworks */,
				18662D2B1AE9547E0004315B /* Resources */,
			);
			buildRules = (
			);
			dependencies = (
				18662D2F1AE9547E0004315B /* PBXTargetDependency */,
			);
			name = "Capital PrideTests";
			productName = "Capital PrideTests";
			productReference = 18662D2D1AE9547E0004315B /* Capital PrideTests.xctest */;
			productType = "com.apple.product-type.bundle.unit-test";
		};
/* End PBXNativeTarget section */

/* Begin PBXProject section */
		18662D0E1AE9547E0004315B /* Project object */ = {
			isa = PBXProject;
			attributes = {
				LastUpgradeCheck = 0630;
				ORGANIZATIONNAME = "John Cloutier";
				TargetAttributes = {
					18662D151AE9547E0004315B = {
						CreatedOnToolsVersion = 6.3;
						DevelopmentTeam = A2T643JV9Q;
						SystemCapabilities = {
							com.apple.Maps.iOS = {
								enabled = 1;
							};
						};
					};
					18662D2C1AE9547E0004315B = {
						CreatedOnToolsVersion = 6.3;
						TestTargetID = 18662D151AE9547E0004315B;
					};
				};
			};
			buildConfigurationList = 18662D111AE9547E0004315B /* Build configuration list for PBXProject "Capital Pride" */;
			compatibilityVersion = "Xcode 3.2";
			developmentRegion = English;
			hasScannedForEncodings = 0;
			knownRegions = (
				en,
				Base,
			);
			mainGroup = 18662D0D1AE9547E0004315B;
			productRefGroup = 18662D171AE9547E0004315B /* Products */;
			projectDirPath = "";
			projectRoot = "";
			targets = (
				18662D151AE9547E0004315B /* Capital Pride */,
				18662D2C1AE9547E0004315B /* Capital PrideTests */,
			);
		};
/* End PBXProject section */

/* Begin PBXResourcesBuildPhase section */
		18662D141AE9547E0004315B /* Resources */ = {
			isa = PBXResourcesBuildPhase;
			buildActionMask = 2147483647;
			files = (
				18662D231AE9547E0004315B /* Main.storyboard in Resources */,
				189E779C1B0170AD00E8D897 /* FestivalExhibitors2015.txt in Resources */,
				189E779A1AF8451D00E8D897 /* FestivalExhibitors2015.csv in Resources */,
				18662D281AE9547E0004315B /* LaunchScreen.xib in Resources */,
				18662D251AE9547E0004315B /* Images.xcassets in Resources */,
			);
			runOnlyForDeploymentPostprocessing = 0;
		};
		18662D2B1AE9547E0004315B /* Resources */ = {
			isa = PBXResourcesBuildPhase;
			buildActionMask = 2147483647;
			files = (
			);
			runOnlyForDeploymentPostprocessing = 0;
		};
/* End PBXResourcesBuildPhase section */

/* Begin PBXSourcesBuildPhase section */
		18662D121AE9547E0004315B /* Sources */ = {
			isa = PBXSourcesBuildPhase;
			buildActionMask = 2147483647;
			files = (
				18662D201AE9547E0004315B /* ExhibitorViewController.swift in Sources */,
				189E77941AF8118500E8D897 /* BaseBLO.swift in Sources */,
				18364BA71AEEE293003F3086 /* FoodAndDrink.swift in Sources */,
				189E77961AF811C500E8D897 /* DBService.swift in Sources */,
				189E77981AF8263200E8D897 /* DBLoader.swift in Sources */,
				18662D1C1AE9547E0004315B /* AppDelegate.swift in Sources */,
				18364BA51AEEE293003F3086 /* Info.swift in Sources */,
				18A05B671AEC251800C50DD9 /* InfoViewController.swift in Sources */,
				18364BA31AEEE292003F3086 /* Exhibitor.swift in Sources */,
				180EC7111AED42A400D41597 /* PerformanceViewController.swift in Sources */,
				18364BAB1AEEE293003F3086 /* Performance.swift in Sources */,
				18A05B691AEC256500C50DD9 /* FoodAndDrinkViewController.swift in Sources */,
				18A05B6C1AEC28AB00C50DD9 /* Database.xcdatamodeld in Sources */,
				18364BA91AEEE293003F3086 /* Location.swift in Sources */,
				18662D1E1AE9547E0004315B /* MapViewController.swift in Sources */,
				189E779E1B0186A300E8D897 /* ExhibitorDetailController.swift in Sources */,
			);
			runOnlyForDeploymentPostprocessing = 0;
		};
		18662D291AE9547E0004315B /* Sources */ = {
			isa = PBXSourcesBuildPhase;
			buildActionMask = 2147483647;
			files = (
				18662D341AE9547E0004315B /* Capital_PrideTests.swift in Sources */,
			);
			runOnlyForDeploymentPostprocessing = 0;
		};
/* End PBXSourcesBuildPhase section */

/* Begin PBXTargetDependency section */
		18662D2F1AE9547E0004315B /* PBXTargetDependency */ = {
			isa = PBXTargetDependency;
			target = 18662D151AE9547E0004315B /* Capital Pride */;
			targetProxy = 18662D2E1AE9547E0004315B /* PBXContainerItemProxy */;
		};
/* End PBXTargetDependency section */

/* Begin PBXVariantGroup section */
		18662D211AE9547E0004315B /* Main.storyboard */ = {
			isa = PBXVariantGroup;
			children = (
				18662D221AE9547E0004315B /* Base */,
			);
			name = Main.storyboard;
			sourceTree = "<group>";
		};
		18662D261AE9547E0004315B /* LaunchScreen.xib */ = {
			isa = PBXVariantGroup;
			children = (
				18662D271AE9547E0004315B /* Base */,
			);
			name = LaunchScreen.xib;
			sourceTree = "<group>";
		};
/* End PBXVariantGroup section */

/* Begin XCBuildConfiguration section */
		18662D351AE9547E0004315B /* Debug */ = {
			isa = XCBuildConfiguration;
			buildSettings = {
				ALWAYS_SEARCH_USER_PATHS = NO;
				CLANG_CXX_LANGUAGE_STANDARD = "gnu++0x";
				CLANG_CXX_LIBRARY = "libc++";
				CLANG_ENABLE_MODULES = YES;
				CLANG_ENABLE_OBJC_ARC = YES;
				CLANG_WARN_BOOL_CONVERSION = YES;
				CLANG_WARN_CONSTANT_CONVERSION = YES;
				CLANG_WARN_DIRECT_OBJC_ISA_USAGE = YES_ERROR;
				CLANG_WARN_EMPTY_BODY = YES;
				CLANG_WARN_ENUM_CONVERSION = YES;
				CLANG_WARN_INT_CONVERSION = YES;
				CLANG_WARN_OBJC_ROOT_CLASS = YES_ERROR;
				CLANG_WARN_UNREACHABLE_CODE = YES;
				CLANG_WARN__DUPLICATE_METHOD_MATCH = YES;
				"CODE_SIGN_IDENTITY[sdk=iphoneos*]" = "iPhone Developer";
				COPY_PHASE_STRIP = NO;
				DEBUG_INFORMATION_FORMAT = "dwarf-with-dsym";
				ENABLE_STRICT_OBJC_MSGSEND = YES;
				GCC_C_LANGUAGE_STANDARD = gnu99;
				GCC_DYNAMIC_NO_PIC = NO;
				GCC_NO_COMMON_BLOCKS = YES;
				GCC_OPTIMIZATION_LEVEL = 0;
				GCC_PREPROCESSOR_DEFINITIONS = (
					"DEBUG=1",
					"$(inherited)",
				);
				GCC_SYMBOLS_PRIVATE_EXTERN = NO;
				GCC_WARN_64_TO_32_BIT_CONVERSION = YES;
				GCC_WARN_ABOUT_RETURN_TYPE = YES_ERROR;
				GCC_WARN_UNDECLARED_SELECTOR = YES;
				GCC_WARN_UNINITIALIZED_AUTOS = YES_AGGRESSIVE;
				GCC_WARN_UNUSED_FUNCTION = YES;
				GCC_WARN_UNUSED_VARIABLE = YES;
				IPHONEOS_DEPLOYMENT_TARGET = 8.3;
				MTL_ENABLE_DEBUG_INFO = YES;
				ONLY_ACTIVE_ARCH = YES;
				SDKROOT = iphoneos;
				SWIFT_OPTIMIZATION_LEVEL = "-Onone";
				TARGETED_DEVICE_FAMILY = "1,2";
			};
			name = Debug;
		};
		18662D361AE9547E0004315B /* Release */ = {
			isa = XCBuildConfiguration;
			buildSettings = {
				ALWAYS_SEARCH_USER_PATHS = NO;
				CLANG_CXX_LANGUAGE_STANDARD = "gnu++0x";
				CLANG_CXX_LIBRARY = "libc++";
				CLANG_ENABLE_MODULES = YES;
				CLANG_ENABLE_OBJC_ARC = YES;
				CLANG_WARN_BOOL_CONVERSION = YES;
				CLANG_WARN_CONSTANT_CONVERSION = YES;
				CLANG_WARN_DIRECT_OBJC_ISA_USAGE = YES_ERROR;
				CLANG_WARN_EMPTY_BODY = YES;
				CLANG_WARN_ENUM_CONVERSION = YES;
				CLANG_WARN_INT_CONVERSION = YES;
				CLANG_WARN_OBJC_ROOT_CLASS = YES_ERROR;
				CLANG_WARN_UNREACHABLE_CODE = YES;
				CLANG_WARN__DUPLICATE_METHOD_MATCH = YES;
				"CODE_SIGN_IDENTITY[sdk=iphoneos*]" = "iPhone Developer";
				COPY_PHASE_STRIP = NO;
				DEBUG_INFORMATION_FORMAT = "dwarf-with-dsym";
				ENABLE_NS_ASSERTIONS = NO;
				ENABLE_STRICT_OBJC_MSGSEND = YES;
				GCC_C_LANGUAGE_STANDARD = gnu99;
				GCC_NO_COMMON_BLOCKS = YES;
				GCC_WARN_64_TO_32_BIT_CONVERSION = YES;
				GCC_WARN_ABOUT_RETURN_TYPE = YES_ERROR;
				GCC_WARN_UNDECLARED_SELECTOR = YES;
				GCC_WARN_UNINITIALIZED_AUTOS = YES_AGGRESSIVE;
				GCC_WARN_UNUSED_FUNCTION = YES;
				GCC_WARN_UNUSED_VARIABLE = YES;
				IPHONEOS_DEPLOYMENT_TARGET = 8.3;
				MTL_ENABLE_DEBUG_INFO = NO;
				SDKROOT = iphoneos;
				TARGETED_DEVICE_FAMILY = "1,2";
				VALIDATE_PRODUCT = YES;
			};
			name = Release;
		};
		18662D381AE9547E0004315B /* Debug */ = {
			isa = XCBuildConfiguration;
			buildSettings = {
				ASSETCATALOG_COMPILER_APPICON_NAME = AppIcon;
				CODE_SIGN_IDENTITY = "iPhone Developer";
				"CODE_SIGN_IDENTITY[sdk=iphoneos*]" = "iPhone Developer";
				INFOPLIST_FILE = "Capital Pride/Info.plist";
				LD_RUNPATH_SEARCH_PATHS = "$(inherited) @executable_path/Frameworks";
				PRODUCT_NAME = "$(TARGET_NAME)";
				PROVISIONING_PROFILE = "";
			};
			name = Debug;
		};
		18662D391AE9547E0004315B /* Release */ = {
			isa = XCBuildConfiguration;
			buildSettings = {
				ASSETCATALOG_COMPILER_APPICON_NAME = AppIcon;
				CODE_SIGN_IDENTITY = "iPhone Developer";
				"CODE_SIGN_IDENTITY[sdk=iphoneos*]" = "iPhone Developer";
				INFOPLIST_FILE = "Capital Pride/Info.plist";
				LD_RUNPATH_SEARCH_PATHS = "$(inherited) @executable_path/Frameworks";
				PRODUCT_NAME = "$(TARGET_NAME)";
				PROVISIONING_PROFILE = "";
			};
			name = Release;
		};
		18662D3B1AE9547E0004315B /* Debug */ = {
			isa = XCBuildConfiguration;
			buildSettings = {
				BUNDLE_LOADER = "$(TEST_HOST)";
				FRAMEWORK_SEARCH_PATHS = (
					"$(SDKROOT)/Developer/Library/Frameworks",
					"$(inherited)",
				);
				GCC_PREPROCESSOR_DEFINITIONS = (
					"DEBUG=1",
					"$(inherited)",
				);
				INFOPLIST_FILE = "Capital PrideTests/Info.plist";
				LD_RUNPATH_SEARCH_PATHS = "$(inherited) @executable_path/Frameworks @loader_path/Frameworks";
				PRODUCT_NAME = "$(TARGET_NAME)";
				TEST_HOST = "$(BUILT_PRODUCTS_DIR)/Capital Pride.app/Capital Pride";
			};
			name = Debug;
		};
		18662D3C1AE9547E0004315B /* Release */ = {
			isa = XCBuildConfiguration;
			buildSettings = {
				BUNDLE_LOADER = "$(TEST_HOST)";
				FRAMEWORK_SEARCH_PATHS = (
					"$(SDKROOT)/Developer/Library/Frameworks",
					"$(inherited)",
				);
				INFOPLIST_FILE = "Capital PrideTests/Info.plist";
				LD_RUNPATH_SEARCH_PATHS = "$(inherited) @executable_path/Frameworks @loader_path/Frameworks";
				PRODUCT_NAME = "$(TARGET_NAME)";
				TEST_HOST = "$(BUILT_PRODUCTS_DIR)/Capital Pride.app/Capital Pride";
			};
			name = Release;
		};
/* End XCBuildConfiguration section */

/* Begin XCConfigurationList section */
		18662D111AE9547E0004315B /* Build configuration list for PBXProject "Capital Pride" */ = {
			isa = XCConfigurationList;
			buildConfigurations = (
				18662D351AE9547E0004315B /* Debug */,
				18662D361AE9547E0004315B /* Release */,
			);
			defaultConfigurationIsVisible = 0;
			defaultConfigurationName = Release;
		};
		18662D371AE9547E0004315B /* Build configuration list for PBXNativeTarget "Capital Pride" */ = {
			isa = XCConfigurationList;
			buildConfigurations = (
				18662D381AE9547E0004315B /* Debug */,
				18662D391AE9547E0004315B /* Release */,
			);
			defaultConfigurationIsVisible = 0;
			defaultConfigurationName = Release;
		};
		18662D3A1AE9547E0004315B /* Build configuration list for PBXNativeTarget "Capital PrideTests" */ = {
			isa = XCConfigurationList;
			buildConfigurations = (
				18662D3B1AE9547E0004315B /* Debug */,
				18662D3C1AE9547E0004315B /* Release */,
			);
			defaultConfigurationIsVisible = 0;
			defaultConfigurationName = Release;
		};
/* End XCConfigurationList section */

/* Begin XCVersionGroup section */
		18A05B6A1AEC28AB00C50DD9 /* Database.xcdatamodeld */ = {
			isa = XCVersionGroup;
			children = (
				18A05B6B1AEC28AB00C50DD9 /* Database.xcdatamodel */,
			);
			currentVersion = 18A05B6B1AEC28AB00C50DD9 /* Database.xcdatamodel */;
			path = Database.xcdatamodeld;
			sourceTree = "<group>";
			versionGroupType = wrapper.xcdatamodel;
		};
/* End XCVersionGroup section */
	};
	rootObject = 18662D0E1AE9547E0004315B /* Project object */;
}
